// !$*UTF8*$!
{
	archiveVersion = 1;
	classes = {
	};
	objectVersion = 48;
	objects = {

/* Begin PBXBuildFile section */
		0A1E56E5269B30950006D164 /* ScreenshotsPageViewController.swift in Sources */ = {isa = PBXBuildFile; fileRef = 0A1E56E4269B30950006D164 /* ScreenshotsPageViewController.swift */; };
		0A1E5C272698ED30005A305A /* SongPlayerViewController.swift in Sources */ = {isa = PBXBuildFile; fileRef = 0A1E5C262698ED30005A305A /* SongPlayerViewController.swift */; };
		0A1E5C292698ED4F005A305A /* SongPlayerView.swift in Sources */ = {isa = PBXBuildFile; fileRef = 0A1E5C282698ED4F005A305A /* SongPlayerView.swift */; };
		0A2439A526978670000F4A66 /* SearchSongViewIO.swift in Sources */ = {isa = PBXBuildFile; fileRef = 0A2439A426978670000F4A66 /* SearchSongViewIO.swift */; };
		0A2439A8269786D5000F4A66 /* SongCell.swift in Sources */ = {isa = PBXBuildFile; fileRef = 0A2439A7269786D5000F4A66 /* SongCell.swift */; };
		0A2439AA26978733000F4A66 /* SearchSongViewController.swift in Sources */ = {isa = PBXBuildFile; fileRef = 0A2439A926978733000F4A66 /* SearchSongViewController.swift */; };
		0A2439AC269787E4000F4A66 /* SearchSongAssembly.swift in Sources */ = {isa = PBXBuildFile; fileRef = 0A2439AB269787E4000F4A66 /* SearchSongAssembly.swift */; };
		0A2439AE26978827000F4A66 /* SongCellModel.swift in Sources */ = {isa = PBXBuildFile; fileRef = 0A2439AD26978827000F4A66 /* SongCellModel.swift */; };
		0A2439B0269788BC000F4A66 /* SearchSongPresenter.swift in Sources */ = {isa = PBXBuildFile; fileRef = 0A2439AF269788BC000F4A66 /* SearchSongPresenter.swift */; };
		0A2439B4269789D6000F4A66 /* SongDetailViewController.swift in Sources */ = {isa = PBXBuildFile; fileRef = 0A2439B3269789D6000F4A66 /* SongDetailViewController.swift */; };
		0A2439BC2697A1D4000F4A66 /* SongDetailHeaderViewController.swift in Sources */ = {isa = PBXBuildFile; fileRef = 0A2439BB2697A1D4000F4A66 /* SongDetailHeaderViewController.swift */; };
		0A2439BE2697A2A0000F4A66 /* SongDetailHeaderView.swift in Sources */ = {isa = PBXBuildFile; fileRef = 0A2439BD2697A2A0000F4A66 /* SongDetailHeaderView.swift */; };
		0A67B61B26962646008D0933 /* AppWhatsNewViewController.swift in Sources */ = {isa = PBXBuildFile; fileRef = 0A67B61A26962646008D0933 /* AppWhatsNewViewController.swift */; };
		0A67B61D26962692008D0933 /* AppWhatsNewView.swift in Sources */ = {isa = PBXBuildFile; fileRef = 0A67B61C26962692008D0933 /* AppWhatsNewView.swift */; };
		0A67B61F26963A9B008D0933 /* Date.swift in Sources */ = {isa = PBXBuildFile; fileRef = 0A67B61E26963A9B008D0933 /* Date.swift */; };
		0A8169102699CD0F001E7C3F /* SearchSongRouter.swift in Sources */ = {isa = PBXBuildFile; fileRef = 0A81690F2699CD0F001E7C3F /* SearchSongRouter.swift */; };
		0A8169122699CD30001E7C3F /* SearchSongRouterIO.swift in Sources */ = {isa = PBXBuildFile; fileRef = 0A8169112699CD30001E7C3F /* SearchSongRouterIO.swift */; };
		0A8169142699CD4E001E7C3F /* SearchSongInteractot.swift in Sources */ = {isa = PBXBuildFile; fileRef = 0A8169132699CD4E001E7C3F /* SearchSongInteractot.swift */; };
		0A8169162699CD72001E7C3F /* SearchSongInteractorIO.swift in Sources */ = {isa = PBXBuildFile; fileRef = 0A8169152699CD72001E7C3F /* SearchSongInteractorIO.swift */; };
		0A81692E269A2190001E7C3F /* AppScreenshotsViewController.swift in Sources */ = {isa = PBXBuildFile; fileRef = 0A81692D269A2190001E7C3F /* AppScreenshotsViewController.swift */; };
		0A816930269A21F8001E7C3F /* ScreenshotCell.swift in Sources */ = {isa = PBXBuildFile; fileRef = 0A81692F269A21F8001E7C3F /* ScreenshotCell.swift */; };
		0A816932269A225A001E7C3F /* AppDetailScreenshotsView.swift in Sources */ = {isa = PBXBuildFile; fileRef = 0A816931269A225A001E7C3F /* AppDetailScreenshotsView.swift */; };
		0A816934269A3CC1001E7C3F /* CustomFlowLayout.swift in Sources */ = {isa = PBXBuildFile; fileRef = 0A816933269A3CC1001E7C3F /* CustomFlowLayout.swift */; };
		DB30385A2694C1FC005A53AE /* UIPreviewView.swift in Sources */ = {isa = PBXBuildFile; fileRef = DB3038592694C1FC005A53AE /* UIPreviewView.swift */; };
		DB3038602694C82C005A53AE /* AppDetailHeaderView.swift in Sources */ = {isa = PBXBuildFile; fileRef = DB30385F2694C82C005A53AE /* AppDetailHeaderView.swift */; };
		DB3038632694C838005A53AE /* AppDetailHeaderViewController.swift in Sources */ = {isa = PBXBuildFile; fileRef = DB3038622694C838005A53AE /* AppDetailHeaderViewController.swift */; };
		DB3038662694D44F005A53AE /* SearchAppPresenter.swift in Sources */ = {isa = PBXBuildFile; fileRef = DB3038652694D44F005A53AE /* SearchAppPresenter.swift */; };
		DB3038682694D482005A53AE /* SearchAppViewIO.swift in Sources */ = {isa = PBXBuildFile; fileRef = DB3038672694D482005A53AE /* SearchAppViewIO.swift */; };
		DB30386C2694D850005A53AE /* SearchAppAssembly.swift in Sources */ = {isa = PBXBuildFile; fileRef = DB30386B2694D850005A53AE /* SearchAppAssembly.swift */; };
		E0E1D2932034A3350011E01A /* AppDelegate.swift in Sources */ = {isa = PBXBuildFile; fileRef = E0E1D2922034A3350011E01A /* AppDelegate.swift */; };
		E0E1D2952034A3350011E01A /* SearchAppViewController.swift in Sources */ = {isa = PBXBuildFile; fileRef = E0E1D2942034A3350011E01A /* SearchAppViewController.swift */; };
		E0E1D29A2034A3350011E01A /* Assets.xcassets in Resources */ = {isa = PBXBuildFile; fileRef = E0E1D2992034A3350011E01A /* Assets.xcassets */; };
		E0E1D29D2034A3350011E01A /* LaunchScreen.storyboard in Resources */ = {isa = PBXBuildFile; fileRef = E0E1D29B2034A3350011E01A /* LaunchScreen.storyboard */; };
		E0E1D358203ADC590011E01A /* NetworkManager.swift in Sources */ = {isa = PBXBuildFile; fileRef = E0E1D357203ADC590011E01A /* NetworkManager.swift */; };
		E0E1D384203AE3620011E01A /* AppStartManager.swift in Sources */ = {isa = PBXBuildFile; fileRef = E0E1D383203AE3620011E01A /* AppStartManager.swift */; };
		E0E1D387203AE45F0011E01A /* WebRequest.swift in Sources */ = {isa = PBXBuildFile; fileRef = E0E1D386203AE45F0011E01A /* WebRequest.swift */; };
		E0E1D392203AE58B0011E01A /* ITunesSearchService.swift in Sources */ = {isa = PBXBuildFile; fileRef = E0E1D391203AE58B0011E01A /* ITunesSearchService.swift */; };
		E0E1D395203AE5E20011E01A /* ITunesSearchResult.swift in Sources */ = {isa = PBXBuildFile; fileRef = E0E1D394203AE5E20011E01A /* ITunesSearchResult.swift */; };
		E0E1D399203AE62E0011E01A /* ITunesApp.swift in Sources */ = {isa = PBXBuildFile; fileRef = E0E1D398203AE62E0011E01A /* ITunesApp.swift */; };
		E0E1D39C203AE6420011E01A /* ITunesSong.swift in Sources */ = {isa = PBXBuildFile; fileRef = E0E1D39B203AE6420011E01A /* ITunesSong.swift */; };
		E0E1D39F203AE7400011E01A /* ImageDownloader.swift in Sources */ = {isa = PBXBuildFile; fileRef = E0E1D39E203AE7400011E01A /* ImageDownloader.swift */; };
		E0E1D3D1203C48D70011E01A /* AppDetailViewController.swift in Sources */ = {isa = PBXBuildFile; fileRef = E0E1D3D0203C48D70011E01A /* AppDetailViewController.swift */; };
		E0E1D3D4203C4AA50011E01A /* UIColor+Extensions.swift in Sources */ = {isa = PBXBuildFile; fileRef = E0E1D3D3203C4AA50011E01A /* UIColor+Extensions.swift */; };
		F8114FBE22A3DBF400102830 /* SearchView.swift in Sources */ = {isa = PBXBuildFile; fileRef = F8114FBD22A3DBF400102830 /* SearchView.swift */; };
		F8114FC122A3E5EE00102830 /* AppCellModel.swift in Sources */ = {isa = PBXBuildFile; fileRef = F8114FC022A3E5EE00102830 /* AppCellModel.swift */; };
		F8A1E03C2248382F00FE6448 /* Monads.swift in Sources */ = {isa = PBXBuildFile; fileRef = F8A1E03B2248382F00FE6448 /* Monads.swift */; };
		F8A97B352249898E00FB2C0E /* AppCell.swift in Sources */ = {isa = PBXBuildFile; fileRef = F8A97B342249898E00FB2C0E /* AppCell.swift */; };
		F94BA3A8C52EC7C0AEBB96E4 /* Pods_iOSArchitecturesDemo.framework in Frameworks */ = {isa = PBXBuildFile; fileRef = 8EEA6AF9F424A0D5873D2723 /* Pods_iOSArchitecturesDemo.framework */; };
/* End PBXBuildFile section */

/* Begin PBXFileReference section */
		0A1E56E4269B30950006D164 /* ScreenshotsPageViewController.swift */ = {isa = PBXFileReference; lastKnownFileType = sourcecode.swift; path = ScreenshotsPageViewController.swift; sourceTree = "<group>"; };
		0A1E5C262698ED30005A305A /* SongPlayerViewController.swift */ = {isa = PBXFileReference; lastKnownFileType = sourcecode.swift; path = SongPlayerViewController.swift; sourceTree = "<group>"; };
		0A1E5C282698ED4F005A305A /* SongPlayerView.swift */ = {isa = PBXFileReference; lastKnownFileType = sourcecode.swift; path = SongPlayerView.swift; sourceTree = "<group>"; };
		0A2439A426978670000F4A66 /* SearchSongViewIO.swift */ = {isa = PBXFileReference; lastKnownFileType = sourcecode.swift; path = SearchSongViewIO.swift; sourceTree = "<group>"; };
		0A2439A7269786D5000F4A66 /* SongCell.swift */ = {isa = PBXFileReference; lastKnownFileType = sourcecode.swift; path = SongCell.swift; sourceTree = "<group>"; };
		0A2439A926978733000F4A66 /* SearchSongViewController.swift */ = {isa = PBXFileReference; lastKnownFileType = sourcecode.swift; path = SearchSongViewController.swift; sourceTree = "<group>"; };
		0A2439AB269787E4000F4A66 /* SearchSongAssembly.swift */ = {isa = PBXFileReference; lastKnownFileType = sourcecode.swift; path = SearchSongAssembly.swift; sourceTree = "<group>"; };
		0A2439AD26978827000F4A66 /* SongCellModel.swift */ = {isa = PBXFileReference; lastKnownFileType = sourcecode.swift; path = SongCellModel.swift; sourceTree = "<group>"; };
		0A2439AF269788BC000F4A66 /* SearchSongPresenter.swift */ = {isa = PBXFileReference; lastKnownFileType = sourcecode.swift; path = SearchSongPresenter.swift; sourceTree = "<group>"; };
		0A2439B3269789D6000F4A66 /* SongDetailViewController.swift */ = {isa = PBXFileReference; lastKnownFileType = sourcecode.swift; path = SongDetailViewController.swift; sourceTree = "<group>"; };
		0A2439BB2697A1D4000F4A66 /* SongDetailHeaderViewController.swift */ = {isa = PBXFileReference; lastKnownFileType = sourcecode.swift; path = SongDetailHeaderViewController.swift; sourceTree = "<group>"; };
		0A2439BD2697A2A0000F4A66 /* SongDetailHeaderView.swift */ = {isa = PBXFileReference; lastKnownFileType = sourcecode.swift; path = SongDetailHeaderView.swift; sourceTree = "<group>"; };
		0A67B61A26962646008D0933 /* AppWhatsNewViewController.swift */ = {isa = PBXFileReference; lastKnownFileType = sourcecode.swift; path = AppWhatsNewViewController.swift; sourceTree = "<group>"; };
		0A67B61C26962692008D0933 /* AppWhatsNewView.swift */ = {isa = PBXFileReference; lastKnownFileType = sourcecode.swift; path = AppWhatsNewView.swift; sourceTree = "<group>"; };
		0A67B61E26963A9B008D0933 /* Date.swift */ = {isa = PBXFileReference; lastKnownFileType = sourcecode.swift; path = Date.swift; sourceTree = "<group>"; };
		0A81690F2699CD0F001E7C3F /* SearchSongRouter.swift */ = {isa = PBXFileReference; lastKnownFileType = sourcecode.swift; path = SearchSongRouter.swift; sourceTree = "<group>"; };
		0A8169112699CD30001E7C3F /* SearchSongRouterIO.swift */ = {isa = PBXFileReference; lastKnownFileType = sourcecode.swift; path = SearchSongRouterIO.swift; sourceTree = "<group>"; };
		0A8169132699CD4E001E7C3F /* SearchSongInteractot.swift */ = {isa = PBXFileReference; lastKnownFileType = sourcecode.swift; path = SearchSongInteractot.swift; sourceTree = "<group>"; };
		0A8169152699CD72001E7C3F /* SearchSongInteractorIO.swift */ = {isa = PBXFileReference; lastKnownFileType = sourcecode.swift; path = SearchSongInteractorIO.swift; sourceTree = "<group>"; };
		0A81692D269A2190001E7C3F /* AppScreenshotsViewController.swift */ = {isa = PBXFileReference; lastKnownFileType = sourcecode.swift; path = AppScreenshotsViewController.swift; sourceTree = "<group>"; };
		0A81692F269A21F8001E7C3F /* ScreenshotCell.swift */ = {isa = PBXFileReference; lastKnownFileType = sourcecode.swift; path = ScreenshotCell.swift; sourceTree = "<group>"; };
		0A816931269A225A001E7C3F /* AppDetailScreenshotsView.swift */ = {isa = PBXFileReference; lastKnownFileType = sourcecode.swift; path = AppDetailScreenshotsView.swift; sourceTree = "<group>"; };
		0A816933269A3CC1001E7C3F /* CustomFlowLayout.swift */ = {isa = PBXFileReference; lastKnownFileType = sourcecode.swift; path = CustomFlowLayout.swift; sourceTree = "<group>"; };
		8BE349225151AE13B1EDE333 /* Pods-iOSArchitecturesDemo.debug.xcconfig */ = {isa = PBXFileReference; includeInIndex = 1; lastKnownFileType = text.xcconfig; name = "Pods-iOSArchitecturesDemo.debug.xcconfig"; path = "Pods/Target Support Files/Pods-iOSArchitecturesDemo/Pods-iOSArchitecturesDemo.debug.xcconfig"; sourceTree = "<group>"; };
		8EEA6AF9F424A0D5873D2723 /* Pods_iOSArchitecturesDemo.framework */ = {isa = PBXFileReference; explicitFileType = wrapper.framework; includeInIndex = 0; path = Pods_iOSArchitecturesDemo.framework; sourceTree = BUILT_PRODUCTS_DIR; };
		A067E149D296BC0C249FD11F /* Pods-iOSArchitecturesDemo.release.xcconfig */ = {isa = PBXFileReference; includeInIndex = 1; lastKnownFileType = text.xcconfig; name = "Pods-iOSArchitecturesDemo.release.xcconfig"; path = "Pods/Target Support Files/Pods-iOSArchitecturesDemo/Pods-iOSArchitecturesDemo.release.xcconfig"; sourceTree = "<group>"; };
		DB3038592694C1FC005A53AE /* UIPreviewView.swift */ = {isa = PBXFileReference; lastKnownFileType = sourcecode.swift; path = UIPreviewView.swift; sourceTree = "<group>"; };
		DB30385F2694C82C005A53AE /* AppDetailHeaderView.swift */ = {isa = PBXFileReference; lastKnownFileType = sourcecode.swift; path = AppDetailHeaderView.swift; sourceTree = "<group>"; };
		DB3038622694C838005A53AE /* AppDetailHeaderViewController.swift */ = {isa = PBXFileReference; lastKnownFileType = sourcecode.swift; path = AppDetailHeaderViewController.swift; sourceTree = "<group>"; };
		DB3038652694D44F005A53AE /* SearchAppPresenter.swift */ = {isa = PBXFileReference; lastKnownFileType = sourcecode.swift; path = SearchAppPresenter.swift; sourceTree = "<group>"; };
		DB3038672694D482005A53AE /* SearchAppViewIO.swift */ = {isa = PBXFileReference; lastKnownFileType = sourcecode.swift; path = SearchAppViewIO.swift; sourceTree = "<group>"; };
		DB30386B2694D850005A53AE /* SearchAppAssembly.swift */ = {isa = PBXFileReference; lastKnownFileType = sourcecode.swift; path = SearchAppAssembly.swift; sourceTree = "<group>"; };
		E0E1D28F2034A3350011E01A /* iOSArchitecturesDemo.app */ = {isa = PBXFileReference; explicitFileType = wrapper.application; includeInIndex = 0; path = iOSArchitecturesDemo.app; sourceTree = BUILT_PRODUCTS_DIR; };
		E0E1D2922034A3350011E01A /* AppDelegate.swift */ = {isa = PBXFileReference; lastKnownFileType = sourcecode.swift; path = AppDelegate.swift; sourceTree = "<group>"; };
		E0E1D2942034A3350011E01A /* SearchAppViewController.swift */ = {isa = PBXFileReference; lastKnownFileType = sourcecode.swift; path = SearchAppViewController.swift; sourceTree = "<group>"; };
		E0E1D2992034A3350011E01A /* Assets.xcassets */ = {isa = PBXFileReference; lastKnownFileType = folder.assetcatalog; path = Assets.xcassets; sourceTree = "<group>"; };
		E0E1D29C2034A3350011E01A /* Base */ = {isa = PBXFileReference; lastKnownFileType = file.storyboard; name = Base; path = Base.lproj/LaunchScreen.storyboard; sourceTree = "<group>"; };
		E0E1D29E2034A3350011E01A /* Info.plist */ = {isa = PBXFileReference; lastKnownFileType = text.plist.xml; path = Info.plist; sourceTree = "<group>"; };
		E0E1D357203ADC590011E01A /* NetworkManager.swift */ = {isa = PBXFileReference; lastKnownFileType = sourcecode.swift; path = NetworkManager.swift; sourceTree = "<group>"; };
		E0E1D383203AE3620011E01A /* AppStartManager.swift */ = {isa = PBXFileReference; lastKnownFileType = sourcecode.swift; path = AppStartManager.swift; sourceTree = "<group>"; };
		E0E1D386203AE45F0011E01A /* WebRequest.swift */ = {isa = PBXFileReference; lastKnownFileType = sourcecode.swift; path = WebRequest.swift; sourceTree = "<group>"; };
		E0E1D391203AE58B0011E01A /* ITunesSearchService.swift */ = {isa = PBXFileReference; lastKnownFileType = sourcecode.swift; path = ITunesSearchService.swift; sourceTree = "<group>"; };
		E0E1D394203AE5E20011E01A /* ITunesSearchResult.swift */ = {isa = PBXFileReference; lastKnownFileType = sourcecode.swift; path = ITunesSearchResult.swift; sourceTree = "<group>"; };
		E0E1D398203AE62E0011E01A /* ITunesApp.swift */ = {isa = PBXFileReference; lastKnownFileType = sourcecode.swift; path = ITunesApp.swift; sourceTree = "<group>"; };
		E0E1D39B203AE6420011E01A /* ITunesSong.swift */ = {isa = PBXFileReference; lastKnownFileType = sourcecode.swift; path = ITunesSong.swift; sourceTree = "<group>"; };
		E0E1D39E203AE7400011E01A /* ImageDownloader.swift */ = {isa = PBXFileReference; lastKnownFileType = sourcecode.swift; path = ImageDownloader.swift; sourceTree = "<group>"; };
		E0E1D3D0203C48D70011E01A /* AppDetailViewController.swift */ = {isa = PBXFileReference; lastKnownFileType = sourcecode.swift; path = AppDetailViewController.swift; sourceTree = "<group>"; };
		E0E1D3D3203C4AA50011E01A /* UIColor+Extensions.swift */ = {isa = PBXFileReference; lastKnownFileType = sourcecode.swift; path = "UIColor+Extensions.swift"; sourceTree = "<group>"; };
		F8114FBD22A3DBF400102830 /* SearchView.swift */ = {isa = PBXFileReference; lastKnownFileType = sourcecode.swift; path = SearchView.swift; sourceTree = "<group>"; };
		F8114FC022A3E5EE00102830 /* AppCellModel.swift */ = {isa = PBXFileReference; lastKnownFileType = sourcecode.swift; path = AppCellModel.swift; sourceTree = "<group>"; };
		F8A1E03B2248382F00FE6448 /* Monads.swift */ = {isa = PBXFileReference; lastKnownFileType = sourcecode.swift; path = Monads.swift; sourceTree = "<group>"; };
		F8A97B342249898E00FB2C0E /* AppCell.swift */ = {isa = PBXFileReference; lastKnownFileType = sourcecode.swift; path = AppCell.swift; sourceTree = "<group>"; };
/* End PBXFileReference section */

/* Begin PBXFrameworksBuildPhase section */
		E0E1D28C2034A3350011E01A /* Frameworks */ = {
			isa = PBXFrameworksBuildPhase;
			buildActionMask = 2147483647;
			files = (
				F94BA3A8C52EC7C0AEBB96E4 /* Pods_iOSArchitecturesDemo.framework in Frameworks */,
			);
			runOnlyForDeploymentPostprocessing = 0;
		};
/* End PBXFrameworksBuildPhase section */

/* Begin PBXGroup section */
		0A1E5C232698ECEA005A305A /* SongPlayer */ = {
			isa = PBXGroup;
			children = (
				0A1E5C242698ED06005A305A /* Controllers */,
				0A1E5C252698ED10005A305A /* View */,
			);
			path = SongPlayer;
			sourceTree = "<group>";
		};
		0A1E5C242698ED06005A305A /* Controllers */ = {
			isa = PBXGroup;
			children = (
				0A1E5C262698ED30005A305A /* SongPlayerViewController.swift */,
			);
			path = Controllers;
			sourceTree = "<group>";
		};
		0A1E5C252698ED10005A305A /* View */ = {
			isa = PBXGroup;
			children = (
				0A1E5C282698ED4F005A305A /* SongPlayerView.swift */,
			);
			path = View;
			sourceTree = "<group>";
		};
		0A2439A0269785D3000F4A66 /* SearchSong */ = {
			isa = PBXGroup;
			children = (
				0A81690E2699CB0C001E7C3F /* Router */,
				0A81690D2699CAF7001E7C3F /* Interactor */,
				0A2439A12697860D000F4A66 /* Assembly */,
				0A2439A22697861A000F4A66 /* Presenter */,
				0A2439A32697862D000F4A66 /* View */,
			);
			path = SearchSong;
			sourceTree = "<group>";
		};
		0A2439A12697860D000F4A66 /* Assembly */ = {
			isa = PBXGroup;
			children = (
				0A2439AB269787E4000F4A66 /* SearchSongAssembly.swift */,
			);
			path = Assembly;
			sourceTree = "<group>";
		};
		0A2439A22697861A000F4A66 /* Presenter */ = {
			isa = PBXGroup;
			children = (
				0A2439AF269788BC000F4A66 /* SearchSongPresenter.swift */,
			);
			path = Presenter;
			sourceTree = "<group>";
		};
		0A2439A32697862D000F4A66 /* View */ = {
			isa = PBXGroup;
			children = (
				0A2439AD26978827000F4A66 /* SongCellModel.swift */,
				0A2439A426978670000F4A66 /* SearchSongViewIO.swift */,
				0A2439A6269786A9000F4A66 /* Cells */,
				0A2439A926978733000F4A66 /* SearchSongViewController.swift */,
			);
			path = View;
			sourceTree = "<group>";
		};
		0A2439A6269786A9000F4A66 /* Cells */ = {
			isa = PBXGroup;
			children = (
				0A2439A7269786D5000F4A66 /* SongCell.swift */,
			);
			path = Cells;
			sourceTree = "<group>";
		};
		0A2439B526979FCB000F4A66 /* SongDetail */ = {
			isa = PBXGroup;
			children = (
				0A2439B72697A002000F4A66 /* Childs */,
				0A2439B626979FDD000F4A66 /* Controller */,
			);
			path = SongDetail;
			sourceTree = "<group>";
		};
		0A2439B626979FDD000F4A66 /* Controller */ = {
			isa = PBXGroup;
			children = (
				0A2439B3269789D6000F4A66 /* SongDetailViewController.swift */,
			);
			path = Controller;
			sourceTree = "<group>";
		};
		0A2439B72697A002000F4A66 /* Childs */ = {
			isa = PBXGroup;
			children = (
				0A1E5C232698ECEA005A305A /* SongPlayer */,
				0A2439B82697A029000F4A66 /* SongHeaderDetail */,
			);
			path = Childs;
			sourceTree = "<group>";
		};
		0A2439B82697A029000F4A66 /* SongHeaderDetail */ = {
			isa = PBXGroup;
			children = (
				0A2439B92697A192000F4A66 /* Controller */,
				0A2439BA2697A19B000F4A66 /* View */,
			);
			path = SongHeaderDetail;
			sourceTree = "<group>";
		};
		0A2439B92697A192000F4A66 /* Controller */ = {
			isa = PBXGroup;
			children = (
				0A2439BB2697A1D4000F4A66 /* SongDetailHeaderViewController.swift */,
			);
			path = Controller;
			sourceTree = "<group>";
		};
		0A2439BA2697A19B000F4A66 /* View */ = {
			isa = PBXGroup;
			children = (
				0A2439BD2697A2A0000F4A66 /* SongDetailHeaderView.swift */,
			);
			path = View;
			sourceTree = "<group>";
		};
		0A67B6172696257A008D0933 /* AppWhatsNew */ = {
			isa = PBXGroup;
			children = (
				0A67B6182696259B008D0933 /* Controller */,
				0A67B619269625A8008D0933 /* View */,
			);
			path = AppWhatsNew;
			sourceTree = "<group>";
		};
		0A67B6182696259B008D0933 /* Controller */ = {
			isa = PBXGroup;
			children = (
				0A67B61A26962646008D0933 /* AppWhatsNewViewController.swift */,
			);
			path = Controller;
			sourceTree = "<group>";
		};
		0A67B619269625A8008D0933 /* View */ = {
			isa = PBXGroup;
			children = (
				0A67B61C26962692008D0933 /* AppWhatsNewView.swift */,
			);
			path = View;
			sourceTree = "<group>";
		};
		0A81690D2699CAF7001E7C3F /* Interactor */ = {
			isa = PBXGroup;
			children = (
				0A8169132699CD4E001E7C3F /* SearchSongInteractot.swift */,
				0A8169152699CD72001E7C3F /* SearchSongInteractorIO.swift */,
			);
			path = Interactor;
			sourceTree = "<group>";
		};
		0A81690E2699CB0C001E7C3F /* Router */ = {
			isa = PBXGroup;
			children = (
				0A81690F2699CD0F001E7C3F /* SearchSongRouter.swift */,
				0A8169112699CD30001E7C3F /* SearchSongRouterIO.swift */,
			);
			path = Router;
			sourceTree = "<group>";
		};
		0A816929269A2158001E7C3F /* AppScreenshots */ = {
			isa = PBXGroup;
			children = (
				0A81692C269A216D001E7C3F /* Controller */,
				0A81692A269A2161001E7C3F /* View */,
			);
			path = AppScreenshots;
			sourceTree = "<group>";
		};
		0A81692A269A2161001E7C3F /* View */ = {
			isa = PBXGroup;
			children = (
				0A81692B269A2166001E7C3F /* Cells */,
				0A816931269A225A001E7C3F /* AppDetailScreenshotsView.swift */,
				0A816933269A3CC1001E7C3F /* CustomFlowLayout.swift */,
			);
			path = View;
			sourceTree = "<group>";
		};
		0A81692B269A2166001E7C3F /* Cells */ = {
			isa = PBXGroup;
			children = (
				0A81692F269A21F8001E7C3F /* ScreenshotCell.swift */,
			);
			path = Cells;
			sourceTree = "<group>";
		};
		0A81692C269A216D001E7C3F /* Controller */ = {
			isa = PBXGroup;
			children = (
				0A81692D269A2190001E7C3F /* AppScreenshotsViewController.swift */,
				0A1E56E4269B30950006D164 /* ScreenshotsPageViewController.swift */,
			);
			path = Controller;
			sourceTree = "<group>";
		};
		3E03DA2743EDF39A6844C510 /* Pods */ = {
			isa = PBXGroup;
			children = (
				8BE349225151AE13B1EDE333 /* Pods-iOSArchitecturesDemo.debug.xcconfig */,
				A067E149D296BC0C249FD11F /* Pods-iOSArchitecturesDemo.release.xcconfig */,
			);
			name = Pods;
			sourceTree = "<group>";
		};
		DB3038582694C1EF005A53AE /* Utils */ = {
			isa = PBXGroup;
			children = (
				DB3038592694C1FC005A53AE /* UIPreviewView.swift */,
			);
			path = Utils;
			sourceTree = "<group>";
		};
		DB30385B2694C807005A53AE /* Childs */ = {
			isa = PBXGroup;
			children = (
				0A816929269A2158001E7C3F /* AppScreenshots */,
				0A67B6172696257A008D0933 /* AppWhatsNew */,
				DB30385C2694C810005A53AE /* AppHeaderDetail */,
			);
			path = Childs;
			sourceTree = "<group>";
		};
		DB30385C2694C810005A53AE /* AppHeaderDetail */ = {
			isa = PBXGroup;
			children = (
				DB30385E2694C81F005A53AE /* Controller */,
				DB30385D2694C81D005A53AE /* View */,
			);
			path = AppHeaderDetail;
			sourceTree = "<group>";
		};
		DB30385D2694C81D005A53AE /* View */ = {
			isa = PBXGroup;
			children = (
				DB30385F2694C82C005A53AE /* AppDetailHeaderView.swift */,
			);
			path = View;
			sourceTree = "<group>";
		};
		DB30385E2694C81F005A53AE /* Controller */ = {
			isa = PBXGroup;
			children = (
				DB3038622694C838005A53AE /* AppDetailHeaderViewController.swift */,
			);
			path = Controller;
			sourceTree = "<group>";
		};
		DB3038642694D439005A53AE /* Presenter */ = {
			isa = PBXGroup;
			children = (
				F8114FC022A3E5EE00102830 /* AppCellModel.swift */,
				DB3038652694D44F005A53AE /* SearchAppPresenter.swift */,
			);
			path = Presenter;
			sourceTree = "<group>";
		};
		DB3038692694D4B5005A53AE /* Cells */ = {
			isa = PBXGroup;
			children = (
				F8A97B342249898E00FB2C0E /* AppCell.swift */,
			);
			path = Cells;
			sourceTree = "<group>";
		};
		DB30386A2694D842005A53AE /* Assembly */ = {
			isa = PBXGroup;
			children = (
				DB30386B2694D850005A53AE /* SearchAppAssembly.swift */,
			);
			path = Assembly;
			sourceTree = "<group>";
		};
		DB95456C2F2DCD400ABCE8E9 /* Frameworks */ = {
			isa = PBXGroup;
			children = (
				8EEA6AF9F424A0D5873D2723 /* Pods_iOSArchitecturesDemo.framework */,
			);
			name = Frameworks;
			sourceTree = "<group>";
		};
		E0E1D2862034A3350011E01A = {
			isa = PBXGroup;
			children = (
				E0E1D2912034A3350011E01A /* iOSArchitecturesDemo */,
				E0E1D2902034A3350011E01A /* Products */,
				3E03DA2743EDF39A6844C510 /* Pods */,
				DB95456C2F2DCD400ABCE8E9 /* Frameworks */,
			);
			sourceTree = "<group>";
		};
		E0E1D2902034A3350011E01A /* Products */ = {
			isa = PBXGroup;
			children = (
				E0E1D28F2034A3350011E01A /* iOSArchitecturesDemo.app */,
			);
			name = Products;
			sourceTree = "<group>";
		};
		E0E1D2912034A3350011E01A /* iOSArchitecturesDemo */ = {
			isa = PBXGroup;
			children = (
				F8A1E03D224850CA00FE6448 /* Core */,
				F8A1E0412248517B00FE6448 /* Model */,
				E0E1D2A52034A3560011E01A /* Flows */,
				E0E1D382203AE3140011E01A /* SupportingFiles */,
			);
			path = iOSArchitecturesDemo;
			sourceTree = "<group>";
		};
		E0E1D2A52034A3560011E01A /* Flows */ = {
			isa = PBXGroup;
			children = (
				0A2439A0269785D3000F4A66 /* SearchSong */,
				0A2439B526979FCB000F4A66 /* SongDetail */,
				E0E1D2A62034A36C0011E01A /* SearchApp */,
				E0E1D2A72034A3780011E01A /* AppDetail */,
			);
			path = Flows;
			sourceTree = "<group>";
		};
		E0E1D2A62034A36C0011E01A /* SearchApp */ = {
			isa = PBXGroup;
			children = (
				DB30386A2694D842005A53AE /* Assembly */,
				DB3038642694D439005A53AE /* Presenter */,
				F8A97B3622498F0C00FB2C0E /* View */,
			);
			path = SearchApp;
			sourceTree = "<group>";
		};
		E0E1D2A72034A3780011E01A /* AppDetail */ = {
			isa = PBXGroup;
			children = (
				DB30385B2694C807005A53AE /* Childs */,
				F8114FC322A3E75300102830 /* Controller */,
			);
			path = AppDetail;
			sourceTree = "<group>";
		};
		E0E1D2ED2035AA980011E01A /* AppDelegate */ = {
			isa = PBXGroup;
			children = (
				E0E1D2922034A3350011E01A /* AppDelegate.swift */,
			);
			path = AppDelegate;
			sourceTree = "<group>";
		};
		E0E1D359203ADCE10011E01A /* NetworkManager */ = {
			isa = PBXGroup;
			children = (
				E0E1D357203ADC590011E01A /* NetworkManager.swift */,
				E0E1D386203AE45F0011E01A /* WebRequest.swift */,
			);
			path = NetworkManager;
			sourceTree = "<group>";
		};
		E0E1D382203AE3140011E01A /* SupportingFiles */ = {
			isa = PBXGroup;
			children = (
				E0E1D2992034A3350011E01A /* Assets.xcassets */,
				E0E1D29B2034A3350011E01A /* LaunchScreen.storyboard */,
				E0E1D29E2034A3350011E01A /* Info.plist */,
			);
			path = SupportingFiles;
			sourceTree = "<group>";
		};
		E0E1D385203AE3E00011E01A /* AppStartManager */ = {
			isa = PBXGroup;
			children = (
				E0E1D383203AE3620011E01A /* AppStartManager.swift */,
			);
			path = AppStartManager;
			sourceTree = "<group>";
		};
		E0E1D393203AE5AA0011E01A /* iTunesSearchService */ = {
			isa = PBXGroup;
			children = (
				E0E1D391203AE58B0011E01A /* ITunesSearchService.swift */,
				E0E1D394203AE5E20011E01A /* ITunesSearchResult.swift */,
			);
			path = iTunesSearchService;
			sourceTree = "<group>";
		};
		E0E1D39D203AE7230011E01A /* ImageDownloader */ = {
			isa = PBXGroup;
			children = (
				E0E1D39E203AE7400011E01A /* ImageDownloader.swift */,
			);
			path = ImageDownloader;
			sourceTree = "<group>";
		};
		E0E1D3D2203C4A850011E01A /* Extensions */ = {
			isa = PBXGroup;
			children = (
				E0E1D3D3203C4AA50011E01A /* UIColor+Extensions.swift */,
				0A67B61E26963A9B008D0933 /* Date.swift */,
			);
			path = Extensions;
			sourceTree = "<group>";
		};
		F8114FC322A3E75300102830 /* Controller */ = {
			isa = PBXGroup;
			children = (
				E0E1D3D0203C48D70011E01A /* AppDetailViewController.swift */,
			);
			path = Controller;
			sourceTree = "<group>";
		};
		F8114FC622A3E8DF00102830 /* Entities */ = {
			isa = PBXGroup;
			children = (
				E0E1D398203AE62E0011E01A /* ITunesApp.swift */,
				E0E1D39B203AE6420011E01A /* ITunesSong.swift */,
			);
			path = Entities;
			sourceTree = "<group>";
		};
		F8A1E03D224850CA00FE6448 /* Core */ = {
			isa = PBXGroup;
			children = (
				DB3038582694C1EF005A53AE /* Utils */,
				E0E1D2ED2035AA980011E01A /* AppDelegate */,
				F8A1E03E224850E500FE6448 /* Monads */,
				E0E1D359203ADCE10011E01A /* NetworkManager */,
				E0E1D3D2203C4A850011E01A /* Extensions */,
			);
			path = Core;
			sourceTree = "<group>";
		};
		F8A1E03E224850E500FE6448 /* Monads */ = {
			isa = PBXGroup;
			children = (
				F8A1E03B2248382F00FE6448 /* Monads.swift */,
			);
			path = Monads;
			sourceTree = "<group>";
		};
		F8A1E0402248511B00FE6448 /* Services */ = {
			isa = PBXGroup;
			children = (
				E0E1D385203AE3E00011E01A /* AppStartManager */,
				E0E1D393203AE5AA0011E01A /* iTunesSearchService */,
				E0E1D39D203AE7230011E01A /* ImageDownloader */,
			);
			path = Services;
			sourceTree = "<group>";
		};
		F8A1E0412248517B00FE6448 /* Model */ = {
			isa = PBXGroup;
			children = (
				F8A1E0402248511B00FE6448 /* Services */,
				F8114FC622A3E8DF00102830 /* Entities */,
			);
			path = Model;
			sourceTree = "<group>";
		};
		F8A97B3622498F0C00FB2C0E /* View */ = {
			isa = PBXGroup;
			children = (
				DB3038672694D482005A53AE /* SearchAppViewIO.swift */,
				DB3038692694D4B5005A53AE /* Cells */,
				E0E1D2942034A3350011E01A /* SearchAppViewController.swift */,
				F8114FBD22A3DBF400102830 /* SearchView.swift */,
			);
			path = View;
			sourceTree = "<group>";
		};
/* End PBXGroup section */

/* Begin PBXNativeTarget section */
		E0E1D28E2034A3350011E01A /* iOSArchitecturesDemo */ = {
			isa = PBXNativeTarget;
			buildConfigurationList = E0E1D2A12034A3350011E01A /* Build configuration list for PBXNativeTarget "iOSArchitecturesDemo" */;
			buildPhases = (
				6E3418D2380D33296AFD4E44 /* [CP] Check Pods Manifest.lock */,
				E0E1D28B2034A3350011E01A /* Sources */,
				E0E1D28C2034A3350011E01A /* Frameworks */,
				E0E1D28D2034A3350011E01A /* Resources */,
				AB02F942E5030AFDC6F773AD /* [CP] Embed Pods Frameworks */,
			);
			buildRules = (
			);
			dependencies = (
			);
			name = iOSArchitecturesDemo;
			productName = iOSArchitecturesDemo;
			productReference = E0E1D28F2034A3350011E01A /* iOSArchitecturesDemo.app */;
			productType = "com.apple.product-type.application";
		};
/* End PBXNativeTarget section */

/* Begin PBXProject section */
		E0E1D2872034A3350011E01A /* Project object */ = {
			isa = PBXProject;
			attributes = {
				LastSwiftUpdateCheck = 0920;
				LastUpgradeCheck = 1010;
				ORGANIZATIONNAME = ekireev;
				TargetAttributes = {
					E0E1D28E2034A3350011E01A = {
						CreatedOnToolsVersion = 9.2;
						LastSwiftMigration = 1250;
						ProvisioningStyle = Automatic;
					};
				};
			};
			buildConfigurationList = E0E1D28A2034A3350011E01A /* Build configuration list for PBXProject "iOSArchitecturesDemo" */;
			compatibilityVersion = "Xcode 8.0";
			developmentRegion = en;
			hasScannedForEncodings = 0;
			knownRegions = (
				en,
				Base,
			);
			mainGroup = E0E1D2862034A3350011E01A;
			productRefGroup = E0E1D2902034A3350011E01A /* Products */;
			projectDirPath = "";
			projectRoot = "";
			targets = (
				E0E1D28E2034A3350011E01A /* iOSArchitecturesDemo */,
			);
		};
/* End PBXProject section */

/* Begin PBXResourcesBuildPhase section */
		E0E1D28D2034A3350011E01A /* Resources */ = {
			isa = PBXResourcesBuildPhase;
			buildActionMask = 2147483647;
			files = (
				E0E1D29D2034A3350011E01A /* LaunchScreen.storyboard in Resources */,
				E0E1D29A2034A3350011E01A /* Assets.xcassets in Resources */,
			);
			runOnlyForDeploymentPostprocessing = 0;
		};
/* End PBXResourcesBuildPhase section */

/* Begin PBXShellScriptBuildPhase section */
		6E3418D2380D33296AFD4E44 /* [CP] Check Pods Manifest.lock */ = {
			isa = PBXShellScriptBuildPhase;
			buildActionMask = 2147483647;
			files = (
			);
			inputPaths = (
				"${PODS_PODFILE_DIR_PATH}/Podfile.lock",
				"${PODS_ROOT}/Manifest.lock",
			);
			name = "[CP] Check Pods Manifest.lock";
			outputPaths = (
				"$(DERIVED_FILE_DIR)/Pods-iOSArchitecturesDemo-checkManifestLockResult.txt",
			);
			runOnlyForDeploymentPostprocessing = 0;
			shellPath = /bin/sh;
			shellScript = "diff \"${PODS_PODFILE_DIR_PATH}/Podfile.lock\" \"${PODS_ROOT}/Manifest.lock\" > /dev/null\nif [ $? != 0 ] ; then\n    # print error to STDERR\n    echo \"error: The sandbox is not in sync with the Podfile.lock. Run 'pod install' or update your CocoaPods installation.\" >&2\n    exit 1\nfi\n# This output is used by Xcode 'outputs' to avoid re-running this script phase.\necho \"SUCCESS\" > \"${SCRIPT_OUTPUT_FILE_0}\"\n";
			showEnvVarsInLog = 0;
		};
		AB02F942E5030AFDC6F773AD /* [CP] Embed Pods Frameworks */ = {
			isa = PBXShellScriptBuildPhase;
			buildActionMask = 2147483647;
			files = (
			);
			inputPaths = (
				"${PODS_ROOT}/Target Support Files/Pods-iOSArchitecturesDemo/Pods-iOSArchitecturesDemo-frameworks.sh",
				"${BUILT_PRODUCTS_DIR}/Alamofire/Alamofire.framework",
			);
			name = "[CP] Embed Pods Frameworks";
			outputPaths = (
				"${TARGET_BUILD_DIR}/${FRAMEWORKS_FOLDER_PATH}/Alamofire.framework",
			);
			runOnlyForDeploymentPostprocessing = 0;
			shellPath = /bin/sh;
			shellScript = "\"${PODS_ROOT}/Target Support Files/Pods-iOSArchitecturesDemo/Pods-iOSArchitecturesDemo-frameworks.sh\"\n";
			showEnvVarsInLog = 0;
		};
/* End PBXShellScriptBuildPhase section */

/* Begin PBXSourcesBuildPhase section */
		E0E1D28B2034A3350011E01A /* Sources */ = {
			isa = PBXSourcesBuildPhase;
			buildActionMask = 2147483647;
			files = (
				0A1E5C272698ED30005A305A /* SongPlayerViewController.swift in Sources */,
				0A816932269A225A001E7C3F /* AppDetailScreenshotsView.swift in Sources */,
				E0E1D399203AE62E0011E01A /* ITunesApp.swift in Sources */,
				DB3038602694C82C005A53AE /* AppDetailHeaderView.swift in Sources */,
				0A2439B4269789D6000F4A66 /* SongDetailViewController.swift in Sources */,
				DB3038662694D44F005A53AE /* SearchAppPresenter.swift in Sources */,
				DB30386C2694D850005A53AE /* SearchAppAssembly.swift in Sources */,
				DB3038632694C838005A53AE /* AppDetailHeaderViewController.swift in Sources */,
				0A8169102699CD0F001E7C3F /* SearchSongRouter.swift in Sources */,
				0A2439AA26978733000F4A66 /* SearchSongViewController.swift in Sources */,
				0A67B61D26962692008D0933 /* AppWhatsNewView.swift in Sources */,
				F8A97B352249898E00FB2C0E /* AppCell.swift in Sources */,
				E0E1D387203AE45F0011E01A /* WebRequest.swift in Sources */,
				0A2439B0269788BC000F4A66 /* SearchSongPresenter.swift in Sources */,
				0A8169122699CD30001E7C3F /* SearchSongRouterIO.swift in Sources */,
				F8A1E03C2248382F00FE6448 /* Monads.swift in Sources */,
				0A1E56E5269B30950006D164 /* ScreenshotsPageViewController.swift in Sources */,
				E0E1D3D4203C4AA50011E01A /* UIColor+Extensions.swift in Sources */,
				0A816930269A21F8001E7C3F /* ScreenshotCell.swift in Sources */,
				DB3038682694D482005A53AE /* SearchAppViewIO.swift in Sources */,
				0A8169142699CD4E001E7C3F /* SearchSongInteractot.swift in Sources */,
				E0E1D3D1203C48D70011E01A /* AppDetailViewController.swift in Sources */,
				E0E1D358203ADC590011E01A /* NetworkManager.swift in Sources */,
				E0E1D39C203AE6420011E01A /* ITunesSong.swift in Sources */,
				0A2439BC2697A1D4000F4A66 /* SongDetailHeaderViewController.swift in Sources */,
				DB30385A2694C1FC005A53AE /* UIPreviewView.swift in Sources */,
				E0E1D2952034A3350011E01A /* SearchAppViewController.swift in Sources */,
				E0E1D39F203AE7400011E01A /* ImageDownloader.swift in Sources */,
				F8114FBE22A3DBF400102830 /* SearchView.swift in Sources */,
				0A67B61F26963A9B008D0933 /* Date.swift in Sources */,
				0A81692E269A2190001E7C3F /* AppScreenshotsViewController.swift in Sources */,
				0A2439AE26978827000F4A66 /* SongCellModel.swift in Sources */,
				0A8169162699CD72001E7C3F /* SearchSongInteractorIO.swift in Sources */,
				0A67B61B26962646008D0933 /* AppWhatsNewViewController.swift in Sources */,
				0A2439BE2697A2A0000F4A66 /* SongDetailHeaderView.swift in Sources */,
				0A2439AC269787E4000F4A66 /* SearchSongAssembly.swift in Sources */,
				E0E1D395203AE5E20011E01A /* ITunesSearchResult.swift in Sources */,
				0A2439A526978670000F4A66 /* SearchSongViewIO.swift in Sources */,
				E0E1D392203AE58B0011E01A /* ITunesSearchService.swift in Sources */,
				0A1E5C292698ED4F005A305A /* SongPlayerView.swift in Sources */,
				E0E1D2932034A3350011E01A /* AppDelegate.swift in Sources */,
				E0E1D384203AE3620011E01A /* AppStartManager.swift in Sources */,
				0A2439A8269786D5000F4A66 /* SongCell.swift in Sources */,
				0A816934269A3CC1001E7C3F /* CustomFlowLayout.swift in Sources */,
				F8114FC122A3E5EE00102830 /* AppCellModel.swift in Sources */,
			);
			runOnlyForDeploymentPostprocessing = 0;
		};
/* End PBXSourcesBuildPhase section */

/* Begin PBXVariantGroup section */
		E0E1D29B2034A3350011E01A /* LaunchScreen.storyboard */ = {
			isa = PBXVariantGroup;
			children = (
				E0E1D29C2034A3350011E01A /* Base */,
			);
			name = LaunchScreen.storyboard;
			sourceTree = "<group>";
		};
/* End PBXVariantGroup section */

/* Begin XCBuildConfiguration section */
		E0E1D29F2034A3350011E01A /* Debug */ = {
			isa = XCBuildConfiguration;
			buildSettings = {
				ALWAYS_SEARCH_USER_PATHS = NO;
				CLANG_ANALYZER_NONNULL = YES;
				CLANG_ANALYZER_NUMBER_OBJECT_CONVERSION = YES_AGGRESSIVE;
				CLANG_CXX_LANGUAGE_STANDARD = "gnu++14";
				CLANG_CXX_LIBRARY = "libc++";
				CLANG_ENABLE_MODULES = YES;
				CLANG_ENABLE_OBJC_ARC = YES;
				CLANG_WARN_BLOCK_CAPTURE_AUTORELEASING = YES;
				CLANG_WARN_BOOL_CONVERSION = YES;
				CLANG_WARN_COMMA = YES;
				CLANG_WARN_CONSTANT_CONVERSION = YES;
				CLANG_WARN_DEPRECATED_OBJC_IMPLEMENTATIONS = YES;
				CLANG_WARN_DIRECT_OBJC_ISA_USAGE = YES_ERROR;
				CLANG_WARN_DOCUMENTATION_COMMENTS = YES;
				CLANG_WARN_EMPTY_BODY = YES;
				CLANG_WARN_ENUM_CONVERSION = YES;
				CLANG_WARN_INFINITE_RECURSION = YES;
				CLANG_WARN_INT_CONVERSION = YES;
				CLANG_WARN_NON_LITERAL_NULL_CONVERSION = YES;
				CLANG_WARN_OBJC_IMPLICIT_RETAIN_SELF = YES;
				CLANG_WARN_OBJC_LITERAL_CONVERSION = YES;
				CLANG_WARN_OBJC_ROOT_CLASS = YES_ERROR;
				CLANG_WARN_RANGE_LOOP_ANALYSIS = YES;
				CLANG_WARN_STRICT_PROTOTYPES = YES;
				CLANG_WARN_SUSPICIOUS_MOVE = YES;
				CLANG_WARN_UNGUARDED_AVAILABILITY = YES_AGGRESSIVE;
				CLANG_WARN_UNREACHABLE_CODE = YES;
				CLANG_WARN__DUPLICATE_METHOD_MATCH = YES;
				CODE_SIGN_IDENTITY = "iPhone Developer";
				COPY_PHASE_STRIP = NO;
				DEBUG_INFORMATION_FORMAT = dwarf;
				ENABLE_STRICT_OBJC_MSGSEND = YES;
				ENABLE_TESTABILITY = YES;
				GCC_C_LANGUAGE_STANDARD = gnu11;
				GCC_DYNAMIC_NO_PIC = NO;
				GCC_NO_COMMON_BLOCKS = YES;
				GCC_OPTIMIZATION_LEVEL = 0;
				GCC_PREPROCESSOR_DEFINITIONS = (
					"DEBUG=1",
					"$(inherited)",
				);
				GCC_WARN_64_TO_32_BIT_CONVERSION = YES;
				GCC_WARN_ABOUT_RETURN_TYPE = YES_ERROR;
				GCC_WARN_UNDECLARED_SELECTOR = YES;
				GCC_WARN_UNINITIALIZED_AUTOS = YES_AGGRESSIVE;
				GCC_WARN_UNUSED_FUNCTION = YES;
				GCC_WARN_UNUSED_VARIABLE = YES;
				IPHONEOS_DEPLOYMENT_TARGET = 13.2;
				MTL_ENABLE_DEBUG_INFO = YES;
				ONLY_ACTIVE_ARCH = YES;
				SDKROOT = iphoneos;
				SWIFT_ACTIVE_COMPILATION_CONDITIONS = DEBUG;
				SWIFT_OPTIMIZATION_LEVEL = "-Onone";
			};
			name = Debug;
		};
		E0E1D2A02034A3350011E01A /* Release */ = {
			isa = XCBuildConfiguration;
			buildSettings = {
				ALWAYS_SEARCH_USER_PATHS = NO;
				CLANG_ANALYZER_NONNULL = YES;
				CLANG_ANALYZER_NUMBER_OBJECT_CONVERSION = YES_AGGRESSIVE;
				CLANG_CXX_LANGUAGE_STANDARD = "gnu++14";
				CLANG_CXX_LIBRARY = "libc++";
				CLANG_ENABLE_MODULES = YES;
				CLANG_ENABLE_OBJC_ARC = YES;
				CLANG_WARN_BLOCK_CAPTURE_AUTORELEASING = YES;
				CLANG_WARN_BOOL_CONVERSION = YES;
				CLANG_WARN_COMMA = YES;
				CLANG_WARN_CONSTANT_CONVERSION = YES;
				CLANG_WARN_DEPRECATED_OBJC_IMPLEMENTATIONS = YES;
				CLANG_WARN_DIRECT_OBJC_ISA_USAGE = YES_ERROR;
				CLANG_WARN_DOCUMENTATION_COMMENTS = YES;
				CLANG_WARN_EMPTY_BODY = YES;
				CLANG_WARN_ENUM_CONVERSION = YES;
				CLANG_WARN_INFINITE_RECURSION = YES;
				CLANG_WARN_INT_CONVERSION = YES;
				CLANG_WARN_NON_LITERAL_NULL_CONVERSION = YES;
				CLANG_WARN_OBJC_IMPLICIT_RETAIN_SELF = YES;
				CLANG_WARN_OBJC_LITERAL_CONVERSION = YES;
				CLANG_WARN_OBJC_ROOT_CLASS = YES_ERROR;
				CLANG_WARN_RANGE_LOOP_ANALYSIS = YES;
				CLANG_WARN_STRICT_PROTOTYPES = YES;
				CLANG_WARN_SUSPICIOUS_MOVE = YES;
				CLANG_WARN_UNGUARDED_AVAILABILITY = YES_AGGRESSIVE;
				CLANG_WARN_UNREACHABLE_CODE = YES;
				CLANG_WARN__DUPLICATE_METHOD_MATCH = YES;
				CODE_SIGN_IDENTITY = "iPhone Developer";
				COPY_PHASE_STRIP = NO;
				DEBUG_INFORMATION_FORMAT = "dwarf-with-dsym";
				ENABLE_NS_ASSERTIONS = NO;
				ENABLE_STRICT_OBJC_MSGSEND = YES;
				GCC_C_LANGUAGE_STANDARD = gnu11;
				GCC_NO_COMMON_BLOCKS = YES;
				GCC_WARN_64_TO_32_BIT_CONVERSION = YES;
				GCC_WARN_ABOUT_RETURN_TYPE = YES_ERROR;
				GCC_WARN_UNDECLARED_SELECTOR = YES;
				GCC_WARN_UNINITIALIZED_AUTOS = YES_AGGRESSIVE;
				GCC_WARN_UNUSED_FUNCTION = YES;
				GCC_WARN_UNUSED_VARIABLE = YES;
				IPHONEOS_DEPLOYMENT_TARGET = 13.2;
				MTL_ENABLE_DEBUG_INFO = NO;
				SDKROOT = iphoneos;
				SWIFT_OPTIMIZATION_LEVEL = "-Owholemodule";
				VALIDATE_PRODUCT = YES;
			};
			name = Release;
		};
		E0E1D2A22034A3350011E01A /* Debug */ = {
			isa = XCBuildConfiguration;
			baseConfigurationReference = 8BE349225151AE13B1EDE333 /* Pods-iOSArchitecturesDemo.debug.xcconfig */;
			buildSettings = {
				ASSETCATALOG_COMPILER_APPICON_NAME = AppIcon;
				CODE_SIGN_STYLE = Automatic;
				INFOPLIST_FILE = "$(SRCROOT)/iOSArchitecturesDemo/SupportingFiles/Info.plist";
				IPHONEOS_DEPLOYMENT_TARGET = 13.2;
				LD_RUNPATH_SEARCH_PATHS = "$(inherited) @executable_path/Frameworks";
				PRODUCT_BUNDLE_IDENTIFIER = ekireev.iOSArchitecturesDemo;
				PRODUCT_NAME = "$(TARGET_NAME)";
				SWIFT_VERSION = 5.0;
				TARGETED_DEVICE_FAMILY = "1,2";
			};
			name = Debug;
		};
		E0E1D2A32034A3350011E01A /* Release */ = {
			isa = XCBuildConfiguration;
			baseConfigurationReference = A067E149D296BC0C249FD11F /* Pods-iOSArchitecturesDemo.release.xcconfig */;
			buildSettings = {
				ASSETCATALOG_COMPILER_APPICON_NAME = AppIcon;
				CODE_SIGN_STYLE = Automatic;
				INFOPLIST_FILE = "$(SRCROOT)/iOSArchitecturesDemo/SupportingFiles/Info.plist";
				IPHONEOS_DEPLOYMENT_TARGET = 13.2;
				LD_RUNPATH_SEARCH_PATHS = "$(inherited) @executable_path/Frameworks";
				PRODUCT_BUNDLE_IDENTIFIER = ekireev.iOSArchitecturesDemo;
				PRODUCT_NAME = "$(TARGET_NAME)";
				SWIFT_VERSION = 5.0;
				TARGETED_DEVICE_FAMILY = "1,2";
			};
			name = Release;
		};
/* End XCBuildConfiguration section */

/* Begin XCConfigurationList section */
		E0E1D28A2034A3350011E01A /* Build configuration list for PBXProject "iOSArchitecturesDemo" */ = {
			isa = XCConfigurationList;
			buildConfigurations = (
				E0E1D29F2034A3350011E01A /* Debug */,
				E0E1D2A02034A3350011E01A /* Release */,
			);
			defaultConfigurationIsVisible = 0;
			defaultConfigurationName = Release;
		};
		E0E1D2A12034A3350011E01A /* Build configuration list for PBXNativeTarget "iOSArchitecturesDemo" */ = {
			isa = XCConfigurationList;
			buildConfigurations = (
				E0E1D2A22034A3350011E01A /* Debug */,
				E0E1D2A32034A3350011E01A /* Release */,
			);
			defaultConfigurationIsVisible = 0;
			defaultConfigurationName = Release;
		};
/* End XCConfigurationList section */
	};
	rootObject = E0E1D2872034A3350011E01A /* Project object */;
}
